
Microsoft Visual Studio Solution File, Format Version 12.00
# Visual Studio 15
VisualStudioVersion = 15.0.27004.2009
MinimumVisualStudioVersion = 10.0.40219.1
Project("{FAE04EC0-301F-11D3-BF4B-00C04F79EFBC}") = "SoccerApp", "SoccerApp\SoccerApp.csproj", "{BB3E2C34-25AF-4004-8582-9DE75F922259}"
EndProject
Global
	GlobalSection(SolutionConfigurationPlatforms) = preSolution
		Debug|Any CPU = Debug|Any CPU
		Release|Any CPU = Release|Any CPU
	EndGlobalSection
	GlobalSection(ProjectConfigurationPlatforms) = postSolution
		{BB3E2C34-25AF-4004-8582-9DE75F922259}.Debug|Any CPU.ActiveCfg = Debug|Any CPU
		{BB3E2C34-25AF-4004-8582-9DE75F922259}.Debug|Any CPU.Build.0 = Debug|Any CPU
		{BB3E2C34-25AF-4004-8582-9DE75F922259}.Release|Any CPU.ActiveCfg = Release|Any CPU
		{BB3E2C34-25AF-4004-8582-9DE75F922259}.Release|Any CPU.Build.0 = Release|Any CPU
	EndGlobalSection
	GlobalSection(SolutionProperties) = preSolution
		HideSolutionNode = FALSE
	EndGlobalSection
	GlobalSection(ExtensibilityGlobals) = postSolution
		SolutionGuid = {19A307D5-7DFE-4E34-AC45-9E7ADAF354B9}
	EndGlobalSection
EndGlobal
